
Microsoft Visual Studio Solution File, Format Version 12.00
Project("{FAE04EC0-301F-11D3-BF4B-00C04F79EFBC}") = "TestNet6FeaturesAndExtensions", "TestNet6FeaturesAndExtensions\TestNet6FeaturesAndExtensions.csproj", "{45DC3D15-65C9-479C-9FC1-9B4B9ED768EF}"
EndProject
Project("{FAE04EC0-301F-11D3-BF4B-00C04F79EFBC}") = "ParrallelAndConcurrent", "ParrallelAndConcurrent\ParrallelAndConcurrent.csproj", "{B4B21062-8953-4AD2-B776-E34B86C5D51E}"
EndProject
Project("{FAE04EC0-301F-11D3-BF4B-00C04F79EFBC}") = "ItPrimeTestApp", "ItPrimeTestApp\ItPrimeTestApp.csproj", "{40EDF4BF-83DD-4345-B676-8D5B2872B300}"
EndProject
Project("{FAE04EC0-301F-11D3-BF4B-00C04F79EFBC}") = "BigDbUpdating", "BigDbUpdating\BigDbUpdating.csproj", "{306437D4-5859-4CD5-9709-E6CF9B04AF06}"
EndProject
Project("{2150E333-8FDC-42A3-9474-1A3956D46DE8}") = "root", "root", "{0E92C855-2515-4C31-A34D-7693C82C5098}"
	ProjectSection(SolutionItems) = preProject
		.gitignore = .gitignore
		README.md = README.md
	EndProjectSection
EndProject
Global
	GlobalSection(SolutionConfigurationPlatforms) = preSolution
		Debug|Any CPU = Debug|Any CPU
		Release|Any CPU = Release|Any CPU
	EndGlobalSection
	GlobalSection(ProjectConfigurationPlatforms) = postSolution
		{45DC3D15-65C9-479C-9FC1-9B4B9ED768EF}.Debug|Any CPU.ActiveCfg = Debug|Any CPU
		{45DC3D15-65C9-479C-9FC1-9B4B9ED768EF}.Debug|Any CPU.Build.0 = Debug|Any CPU
		{45DC3D15-65C9-479C-9FC1-9B4B9ED768EF}.Release|Any CPU.ActiveCfg = Release|Any CPU
		{45DC3D15-65C9-479C-9FC1-9B4B9ED768EF}.Release|Any CPU.Build.0 = Release|Any CPU
		{B4B21062-8953-4AD2-B776-E34B86C5D51E}.Debug|Any CPU.ActiveCfg = Debug|Any CPU
		{B4B21062-8953-4AD2-B776-E34B86C5D51E}.Debug|Any CPU.Build.0 = Debug|Any CPU
		{B4B21062-8953-4AD2-B776-E34B86C5D51E}.Release|Any CPU.ActiveCfg = Release|Any CPU
		{B4B21062-8953-4AD2-B776-E34B86C5D51E}.Release|Any CPU.Build.0 = Release|Any CPU
		{40EDF4BF-83DD-4345-B676-8D5B2872B300}.Debug|Any CPU.ActiveCfg = Debug|Any CPU
		{40EDF4BF-83DD-4345-B676-8D5B2872B300}.Debug|Any CPU.Build.0 = Debug|Any CPU
		{40EDF4BF-83DD-4345-B676-8D5B2872B300}.Release|Any CPU.ActiveCfg = Release|Any CPU
		{40EDF4BF-83DD-4345-B676-8D5B2872B300}.Release|Any CPU.Build.0 = Release|Any CPU
		{306437D4-5859-4CD5-9709-E6CF9B04AF06}.Debug|Any CPU.ActiveCfg = Debug|Any CPU
		{306437D4-5859-4CD5-9709-E6CF9B04AF06}.Debug|Any CPU.Build.0 = Debug|Any CPU
		{306437D4-5859-4CD5-9709-E6CF9B04AF06}.Release|Any CPU.ActiveCfg = Release|Any CPU
		{306437D4-5859-4CD5-9709-E6CF9B04AF06}.Release|Any CPU.Build.0 = Release|Any CPU
	EndGlobalSection
EndGlobal
